
Microsoft Visual Studio Solution File, Format Version 12.00
# Visual Studio Version 16
VisualStudioVersion = 16.0.28803.156
MinimumVisualStudioVersion = 10.0.40219.1
Project("{FAE04EC0-301F-11D3-BF4B-00C04F79EFBC}") = "C2_Controlador", "C2_Controlador\C2_Controlador.csproj", "{7F3F433D-D66D-4970-9378-86F7F9AE6030}"
EndProject
Project("{FAE04EC0-301F-11D3-BF4B-00C04F79EFBC}") = "C3_BD", "C3_BD\C3_BD.csproj", "{DB55E9D4-E988-49C9-A1F6-646A10F6921E}"
EndProject
Project("{FAE04EC0-301F-11D3-BF4B-00C04F79EFBC}") = "C4_Class", "C4_Class\C4_Class.csproj", "{DFE7039D-3EF4-4299-AA89-B77DAA794195}"
EndProject
Project("{FAE04EC0-301F-11D3-BF4B-00C04F79EFBC}") = "C1_Ecomax", "C1_Ecomax\C1_Ecomax.csproj", "{1BD192D7-F69D-4DB7-B0B7-E50339E86090}"
EndProject
Project("{54435603-DBB4-11D2-8724-00A0C9A8B90C}") = "Instalador_Ecomax", "Instalador_Ecomax\Instalador_Ecomax.vdproj", "{16DD2B27-DDB8-43F5-94B6-374469F42386}"
EndProject
Global
	GlobalSection(SolutionConfigurationPlatforms) = preSolution
		Debug|Any CPU = Debug|Any CPU
		Release|Any CPU = Release|Any CPU
	EndGlobalSection
	GlobalSection(ProjectConfigurationPlatforms) = postSolution
		{7F3F433D-D66D-4970-9378-86F7F9AE6030}.Debug|Any CPU.ActiveCfg = Debug|Any CPU
		{7F3F433D-D66D-4970-9378-86F7F9AE6030}.Debug|Any CPU.Build.0 = Debug|Any CPU
		{7F3F433D-D66D-4970-9378-86F7F9AE6030}.Release|Any CPU.ActiveCfg = Release|Any CPU
		{7F3F433D-D66D-4970-9378-86F7F9AE6030}.Release|Any CPU.Build.0 = Release|Any CPU
		{DB55E9D4-E988-49C9-A1F6-646A10F6921E}.Debug|Any CPU.ActiveCfg = Debug|Any CPU
		{DB55E9D4-E988-49C9-A1F6-646A10F6921E}.Debug|Any CPU.Build.0 = Debug|Any CPU
		{DB55E9D4-E988-49C9-A1F6-646A10F6921E}.Release|Any CPU.ActiveCfg = Release|Any CPU
		{DB55E9D4-E988-49C9-A1F6-646A10F6921E}.Release|Any CPU.Build.0 = Release|Any CPU
		{DFE7039D-3EF4-4299-AA89-B77DAA794195}.Debug|Any CPU.ActiveCfg = Debug|Any CPU
		{DFE7039D-3EF4-4299-AA89-B77DAA794195}.Debug|Any CPU.Build.0 = Debug|Any CPU
		{DFE7039D-3EF4-4299-AA89-B77DAA794195}.Release|Any CPU.ActiveCfg = Release|Any CPU
		{DFE7039D-3EF4-4299-AA89-B77DAA794195}.Release|Any CPU.Build.0 = Release|Any CPU
		{1BD192D7-F69D-4DB7-B0B7-E50339E86090}.Debug|Any CPU.ActiveCfg = Debug|Any CPU
		{1BD192D7-F69D-4DB7-B0B7-E50339E86090}.Debug|Any CPU.Build.0 = Debug|Any CPU
		{1BD192D7-F69D-4DB7-B0B7-E50339E86090}.Release|Any CPU.ActiveCfg = Release|Any CPU
		{1BD192D7-F69D-4DB7-B0B7-E50339E86090}.Release|Any CPU.Build.0 = Release|Any CPU
		{16DD2B27-DDB8-43F5-94B6-374469F42386}.Debug|Any CPU.ActiveCfg = Debug
		{16DD2B27-DDB8-43F5-94B6-374469F42386}.Release|Any CPU.ActiveCfg = Release
	EndGlobalSection
	GlobalSection(SolutionProperties) = preSolution
		HideSolutionNode = FALSE
	EndGlobalSection
	GlobalSection(ExtensibilityGlobals) = postSolution
		SolutionGuid = {6BD2FFF1-F263-42A4-9D1A-2056349AB9AA}
	EndGlobalSection
EndGlobal
